
Microsoft Visual Studio Solution File, Format Version 12.00
# Visual Studio Version 16
VisualStudioVersion = 16.0.34301.259
MinimumVisualStudioVersion = 10.0.40219.1
Project("{9A19103F-16F7-4668-BE54-9A1E7A4F7556}") = "ProgramacaoDoZero", "ProgramacaoDoZero\ProgramacaoDoZero.csproj", "{CC7EC505-712A-45F2-A5D2-933C3AAB0B66}"
EndProject
Project("{2150E333-8FDC-42A3-9474-1A3956D46DE8}") = "DbScripts", "DbScripts", "{5F41B000-B5DD-453E-88C9-ADBA88133A51}"
	ProjectSection(SolutionItems) = preProject
		ScriptsCriacao.sql = ScriptsCriacao.sql
	EndProjectSection
EndProject
Global
	GlobalSection(SolutionConfigurationPlatforms) = preSolution
		Debug|Any CPU = Debug|Any CPU
		Release|Any CPU = Release|Any CPU
	EndGlobalSection
	GlobalSection(ProjectConfigurationPlatforms) = postSolution
		{CC7EC505-712A-45F2-A5D2-933C3AAB0B66}.Debug|Any CPU.ActiveCfg = Debug|Any CPU
		{CC7EC505-712A-45F2-A5D2-933C3AAB0B66}.Debug|Any CPU.Build.0 = Debug|Any CPU
		{CC7EC505-712A-45F2-A5D2-933C3AAB0B66}.Release|Any CPU.ActiveCfg = Release|Any CPU
		{CC7EC505-712A-45F2-A5D2-933C3AAB0B66}.Release|Any CPU.Build.0 = Release|Any CPU
	EndGlobalSection
	GlobalSection(SolutionProperties) = preSolution
		HideSolutionNode = FALSE
	EndGlobalSection
	GlobalSection(ExtensibilityGlobals) = postSolution
		SolutionGuid = {7ED384EE-EC23-4821-891B-AC7F5B87E092}
	EndGlobalSection
EndGlobal
